
Microsoft Visual Studio Solution File, Format Version 12.00
# Visual Studio Version 17
VisualStudioVersion = 17.0.32014.148
MinimumVisualStudioVersion = 10.0.40219.1
Project("{8BC9CEB8-8B4A-11D0-8D11-00A0C91BC942}") = "C_Sintax_gerbert_shildt", "C_Sintax_gerbert_shildt\C_Sintax_gerbert_shildt.vcxproj", "{3DD57884-1873-4756-8069-EC84FB666CBD}"
EndProject
Project("{8BC9CEB8-8B4A-11D0-8D11-00A0C91BC942}") = "ExternTest", "ExternTest\ExternTest.vcxproj", "{96458B12-8A09-401C-A070-2208940E246B}"
EndProject
Project("{8BC9CEB8-8B4A-11D0-8D11-00A0C91BC942}") = "Static", "Static\Static.vcxproj", "{B467452C-C4BF-4ADB-B93E-B2DE9530622F}"
EndProject
Project("{8BC9CEB8-8B4A-11D0-8D11-00A0C91BC942}") = "Glava_03_Operators", "Glava_03_Operators\Glava_03_Operators.vcxproj", "{0F3553E1-5667-4279-95CC-B64108A94DA8}"
EndProject
Project("{8BC9CEB8-8B4A-11D0-8D11-00A0C91BC942}") = "Glava_04_Arrays_and_Strings", "Glava_04_Arrays_and_Strings\Glava_04_Arrays_and_Strings.vcxproj", "{E1705684-F40E-4CAF-8C72-216136B39759}"
EndProject
Project("{8BC9CEB8-8B4A-11D0-8D11-00A0C91BC942}") = "Glava_05_Pointers", "Glava_05_Pointers2\Glava_05_Pointers2.vcxproj", "{F5F74349-135C-41D8-BA6F-269EFF2D9E74}"
EndProject
Project("{8BC9CEB8-8B4A-11D0-8D11-00A0C91BC942}") = "Code_Test", "Code_Test\Code_Test.vcxproj", "{188DE263-D48E-4710-A0E4-127373E17D28}"
EndProject
Project("{8BC9CEB8-8B4A-11D0-8D11-00A0C91BC942}") = "Glava_06_Functions", "Glava_06_Functions\Glava_06_Functions.vcxproj", "{5B91B885-3C76-4421-8703-7D9B2006769A}"
EndProject
Global
	GlobalSection(SolutionConfigurationPlatforms) = preSolution
		Debug|x64 = Debug|x64
		Debug|x86 = Debug|x86
		Release|x64 = Release|x64
		Release|x86 = Release|x86
	EndGlobalSection
	GlobalSection(ProjectConfigurationPlatforms) = postSolution
		{3DD57884-1873-4756-8069-EC84FB666CBD}.Debug|x64.ActiveCfg = Debug|x64
		{3DD57884-1873-4756-8069-EC84FB666CBD}.Debug|x64.Build.0 = Debug|x64
		{3DD57884-1873-4756-8069-EC84FB666CBD}.Debug|x86.ActiveCfg = Debug|Win32
		{3DD57884-1873-4756-8069-EC84FB666CBD}.Debug|x86.Build.0 = Debug|Win32
		{3DD57884-1873-4756-8069-EC84FB666CBD}.Release|x64.ActiveCfg = Release|x64
		{3DD57884-1873-4756-8069-EC84FB666CBD}.Release|x64.Build.0 = Release|x64
		{3DD57884-1873-4756-8069-EC84FB666CBD}.Release|x86.ActiveCfg = Release|Win32
		{3DD57884-1873-4756-8069-EC84FB666CBD}.Release|x86.Build.0 = Release|Win32
		{96458B12-8A09-401C-A070-2208940E246B}.Debug|x64.ActiveCfg = Debug|x64
		{96458B12-8A09-401C-A070-2208940E246B}.Debug|x64.Build.0 = Debug|x64
		{96458B12-8A09-401C-A070-2208940E246B}.Debug|x86.ActiveCfg = Debug|Win32
		{96458B12-8A09-401C-A070-2208940E246B}.Debug|x86.Build.0 = Debug|Win32
		{96458B12-8A09-401C-A070-2208940E246B}.Release|x64.ActiveCfg = Release|x64
		{96458B12-8A09-401C-A070-2208940E246B}.Release|x64.Build.0 = Release|x64
		{96458B12-8A09-401C-A070-2208940E246B}.Release|x86.ActiveCfg = Release|Win32
		{96458B12-8A09-401C-A070-2208940E246B}.Release|x86.Build.0 = Release|Win32
		{B467452C-C4BF-4ADB-B93E-B2DE9530622F}.Debug|x64.ActiveCfg = Debug|x64
		{B467452C-C4BF-4ADB-B93E-B2DE9530622F}.Debug|x64.Build.0 = Debug|x64
		{B467452C-C4BF-4ADB-B93E-B2DE9530622F}.Debug|x86.ActiveCfg = Debug|Win32
		{B467452C-C4BF-4ADB-B93E-B2DE9530622F}.Debug|x86.Build.0 = Debug|Win32
		{B467452C-C4BF-4ADB-B93E-B2DE9530622F}.Release|x64.ActiveCfg = Release|x64
		{B467452C-C4BF-4ADB-B93E-B2DE9530622F}.Release|x64.Build.0 = Release|x64
		{B467452C-C4BF-4ADB-B93E-B2DE9530622F}.Release|x86.ActiveCfg = Release|Win32
		{B467452C-C4BF-4ADB-B93E-B2DE9530622F}.Release|x86.Build.0 = Release|Win32
		{0F3553E1-5667-4279-95CC-B64108A94DA8}.Debug|x64.ActiveCfg = Debug|x64
		{0F3553E1-5667-4279-95CC-B64108A94DA8}.Debug|x64.Build.0 = Debug|x64
		{0F3553E1-5667-4279-95CC-B64108A94DA8}.Debug|x86.ActiveCfg = Debug|Win32
		{0F3553E1-5667-4279-95CC-B64108A94DA8}.Debug|x86.Build.0 = Debug|Win32
		{0F3553E1-5667-4279-95CC-B64108A94DA8}.Release|x64.ActiveCfg = Release|x64
		{0F3553E1-5667-4279-95CC-B64108A94DA8}.Release|x64.Build.0 = Release|x64
		{0F3553E1-5667-4279-95CC-B64108A94DA8}.Release|x86.ActiveCfg = Release|Win32
		{0F3553E1-5667-4279-95CC-B64108A94DA8}.Release|x86.Build.0 = Release|Win32
		{E1705684-F40E-4CAF-8C72-216136B39759}.Debug|x64.ActiveCfg = Debug|x64
		{E1705684-F40E-4CAF-8C72-216136B39759}.Debug|x64.Build.0 = Debug|x64
		{E1705684-F40E-4CAF-8C72-216136B39759}.Debug|x86.ActiveCfg = Debug|Win32
		{E1705684-F40E-4CAF-8C72-216136B39759}.Debug|x86.Build.0 = Debug|Win32
		{E1705684-F40E-4CAF-8C72-216136B39759}.Release|x64.ActiveCfg = Release|x64
		{E1705684-F40E-4CAF-8C72-216136B39759}.Release|x64.Build.0 = Release|x64
		{E1705684-F40E-4CAF-8C72-216136B39759}.Release|x86.ActiveCfg = Release|Win32
		{E1705684-F40E-4CAF-8C72-216136B39759}.Release|x86.Build.0 = Release|Win32
		{F5F74349-135C-41D8-BA6F-269EFF2D9E74}.Debug|x64.ActiveCfg = Debug|x64
		{F5F74349-135C-41D8-BA6F-269EFF2D9E74}.Debug|x64.Build.0 = Debug|x64
		{F5F74349-135C-41D8-BA6F-269EFF2D9E74}.Debug|x86.ActiveCfg = Debug|Win32
		{F5F74349-135C-41D8-BA6F-269EFF2D9E74}.Debug|x86.Build.0 = Debug|Win32
		{F5F74349-135C-41D8-BA6F-269EFF2D9E74}.Release|x64.ActiveCfg = Release|x64
		{F5F74349-135C-41D8-BA6F-269EFF2D9E74}.Release|x64.Build.0 = Release|x64
		{F5F74349-135C-41D8-BA6F-269EFF2D9E74}.Release|x86.ActiveCfg = Release|Win32
		{F5F74349-135C-41D8-BA6F-269EFF2D9E74}.Release|x86.Build.0 = Release|Win32
		{188DE263-D48E-4710-A0E4-127373E17D28}.Debug|x64.ActiveCfg = Debug|x64
		{188DE263-D48E-4710-A0E4-127373E17D28}.Debug|x64.Build.0 = Debug|x64
		{188DE263-D48E-4710-A0E4-127373E17D28}.Debug|x86.ActiveCfg = Debug|Win32
		{188DE263-D48E-4710-A0E4-127373E17D28}.Debug|x86.Build.0 = Debug|Win32
		{188DE263-D48E-4710-A0E4-127373E17D28}.Release|x64.ActiveCfg = Release|x64
		{188DE263-D48E-4710-A0E4-127373E17D28}.Release|x64.Build.0 = Release|x64
		{188DE263-D48E-4710-A0E4-127373E17D28}.Release|x86.ActiveCfg = Release|Win32
		{188DE263-D48E-4710-A0E4-127373E17D28}.Release|x86.Build.0 = Release|Win32
		{5B91B885-3C76-4421-8703-7D9B2006769A}.Debug|x64.ActiveCfg = Debug|x64
		{5B91B885-3C76-4421-8703-7D9B2006769A}.Debug|x64.Build.0 = Debug|x64
		{5B91B885-3C76-4421-8703-7D9B2006769A}.Debug|x86.ActiveCfg = Debug|Win32
		{5B91B885-3C76-4421-8703-7D9B2006769A}.Debug|x86.Build.0 = Debug|Win32
		{5B91B885-3C76-4421-8703-7D9B2006769A}.Release|x64.ActiveCfg = Release|x64
		{5B91B885-3C76-4421-8703-7D9B2006769A}.Release|x64.Build.0 = Release|x64
		{5B91B885-3C76-4421-8703-7D9B2006769A}.Release|x86.ActiveCfg = Release|Win32
		{5B91B885-3C76-4421-8703-7D9B2006769A}.Release|x86.Build.0 = Release|Win32
	EndGlobalSection
	GlobalSection(SolutionProperties) = preSolution
		HideSolutionNode = FALSE
	EndGlobalSection
	GlobalSection(ExtensibilityGlobals) = postSolution
		SolutionGuid = {124E29BB-477B-4817-B86F-BF7DDD3C9D4D}
	EndGlobalSection
EndGlobal
